name: Grimlock
size: Medium
type: Aberration
alignment: Neutral Evil
initiative: '+1'
ac: '11'
hp: 11
speed:
  Normal: 30 ft.
  Climb: 30 ft.
challenge_rating: 1/4
abilities:
  Str: 16
  Dex: 12
  Con: 12
  Int: 9
  Wis: 8
  Cha: 6
skills:
- Athletics +5
- Perception +3
- Stealth +5
senses: Blindsight 30 ft., Passive Perception 13
languages:
- —
description: ''
habitat: Underdark
actions:
- name: Bone Cudgel
  desc: 'Melee Attack Roll : +5, reach 5 ft. Hit : 6 (1d6 + 3) Bludgeoning damage plus 2 (1d4) Psychic damage.'
